
Microsoft Visual Studio Solution File, Format Version 12.00
# Visual Studio Version 17
VisualStudioVersion = 17.12.35527.113
MinimumVisualStudioVersion = 10.0.40219.1
Project("{2150E333-8FDC-42A3-9474-1A3956D46DE8}") = "DDD", "DDD", "{8737FEF3-CDE6-47FA-A159-1A425B96D6CA}"
EndProject
Project("{FAE04EC0-301F-11D3-BF4B-00C04F79EFBC}") = "Application", "Application\Application.csproj", "{4D7D1DB2-565E-415A-B4B6-02AFE19B42B5}"
EndProject
Project("{2150E333-8FDC-42A3-9474-1A3956D46DE8}") = "VerticalSlice", "VerticalSlice", "{50E1DEE0-A1FD-4859-9419-535D44A14988}"
EndProject
Project("{FAE04EC0-301F-11D3-BF4B-00C04F79EFBC}") = "Domain", "Domain\Domain.csproj", "{22D73A92-E90D-467E-8321-1572C416602B}"
EndProject
Project("{2150E333-8FDC-42A3-9474-1A3956D46DE8}") = "Core", "Core", "{066469FD-3A78-4EE4-A029-659C00CC013F}"
EndProject
Project("{2150E333-8FDC-42A3-9474-1A3956D46DE8}") = "External", "External", "{0E15FFE8-5DC8-4034-9477-4DD4B4A4B63D}"
EndProject
Project("{FAE04EC0-301F-11D3-BF4B-00C04F79EFBC}") = "Infrastructure", "Infrastructure\Infrastructure.csproj", "{806BEB9E-28FF-4519-BA76-6DFAD0066D76}"
EndProject
Project("{FAE04EC0-301F-11D3-BF4B-00C04F79EFBC}") = "Persistence", "Persistence\Persistence.csproj", "{3713268F-CB89-42D7-B987-0BC4E03A7B53}"
EndProject
Project("{FAE04EC0-301F-11D3-BF4B-00C04F79EFBC}") = "Presentation", "Presentation\Presentation.csproj", "{B336CDFD-F32E-4BBD-AA82-699E6199149D}"
EndProject
Project("{FAE04EC0-301F-11D3-BF4B-00C04F79EFBC}") = "Web", "Web\Web.csproj", "{57360110-79C1-4415-B663-698CA103EC4A}"
EndProject
Project("{FAE04EC0-301F-11D3-BF4B-00C04F79EFBC}") = "Web2", "Web2\Web2.csproj", "{A81E1522-43F1-4DC5-8943-D06C20A2FE73}"
EndProject
Project("{FAE04EC0-301F-11D3-BF4B-00C04F79EFBC}") = "Architecture.Tests", "Architecture.Tests\Architecture.Tests.csproj", "{4B6C361D-A97F-4C04-BB5E-1D711D337E85}"
EndProject
Project("{2150E333-8FDC-42A3-9474-1A3956D46DE8}") = "Tests", "Tests", "{04B56269-EA06-4CC8-8A86-E02A5BD14876}"
EndProject
Project("{2150E333-8FDC-42A3-9474-1A3956D46DE8}") = "FeatureFolder", "FeatureFolder", "{7532CE8E-0333-4146-957F-2039673DC17B}"
EndProject
Project("{FAE04EC0-301F-11D3-BF4B-00C04F79EFBC}") = "Web3", "Web3\Web3.csproj", "{5DBBEA43-07DC-45D2-8CBA-5D2CC7DF35D2}"
EndProject
Global
	GlobalSection(SolutionConfigurationPlatforms) = preSolution
		Debug|Any CPU = Debug|Any CPU
		Release|Any CPU = Release|Any CPU
	EndGlobalSection
	GlobalSection(ProjectConfigurationPlatforms) = postSolution
		{4D7D1DB2-565E-415A-B4B6-02AFE19B42B5}.Debug|Any CPU.ActiveCfg = Debug|Any CPU
		{4D7D1DB2-565E-415A-B4B6-02AFE19B42B5}.Debug|Any CPU.Build.0 = Debug|Any CPU
		{4D7D1DB2-565E-415A-B4B6-02AFE19B42B5}.Release|Any CPU.ActiveCfg = Release|Any CPU
		{4D7D1DB2-565E-415A-B4B6-02AFE19B42B5}.Release|Any CPU.Build.0 = Release|Any CPU
		{22D73A92-E90D-467E-8321-1572C416602B}.Debug|Any CPU.ActiveCfg = Debug|Any CPU
		{22D73A92-E90D-467E-8321-1572C416602B}.Debug|Any CPU.Build.0 = Debug|Any CPU
		{22D73A92-E90D-467E-8321-1572C416602B}.Release|Any CPU.ActiveCfg = Release|Any CPU
		{22D73A92-E90D-467E-8321-1572C416602B}.Release|Any CPU.Build.0 = Release|Any CPU
		{806BEB9E-28FF-4519-BA76-6DFAD0066D76}.Debug|Any CPU.ActiveCfg = Debug|Any CPU
		{806BEB9E-28FF-4519-BA76-6DFAD0066D76}.Debug|Any CPU.Build.0 = Debug|Any CPU
		{806BEB9E-28FF-4519-BA76-6DFAD0066D76}.Release|Any CPU.ActiveCfg = Release|Any CPU
		{806BEB9E-28FF-4519-BA76-6DFAD0066D76}.Release|Any CPU.Build.0 = Release|Any CPU
		{3713268F-CB89-42D7-B987-0BC4E03A7B53}.Debug|Any CPU.ActiveCfg = Debug|Any CPU
		{3713268F-CB89-42D7-B987-0BC4E03A7B53}.Debug|Any CPU.Build.0 = Debug|Any CPU
		{3713268F-CB89-42D7-B987-0BC4E03A7B53}.Release|Any CPU.ActiveCfg = Release|Any CPU
		{3713268F-CB89-42D7-B987-0BC4E03A7B53}.Release|Any CPU.Build.0 = Release|Any CPU
		{B336CDFD-F32E-4BBD-AA82-699E6199149D}.Debug|Any CPU.ActiveCfg = Debug|Any CPU
		{B336CDFD-F32E-4BBD-AA82-699E6199149D}.Debug|Any CPU.Build.0 = Debug|Any CPU
		{B336CDFD-F32E-4BBD-AA82-699E6199149D}.Release|Any CPU.ActiveCfg = Release|Any CPU
		{B336CDFD-F32E-4BBD-AA82-699E6199149D}.Release|Any CPU.Build.0 = Release|Any CPU
		{57360110-79C1-4415-B663-698CA103EC4A}.Debug|Any CPU.ActiveCfg = Debug|Any CPU
		{57360110-79C1-4415-B663-698CA103EC4A}.Debug|Any CPU.Build.0 = Debug|Any CPU
		{57360110-79C1-4415-B663-698CA103EC4A}.Release|Any CPU.ActiveCfg = Release|Any CPU
		{57360110-79C1-4415-B663-698CA103EC4A}.Release|Any CPU.Build.0 = Release|Any CPU
		{A81E1522-43F1-4DC5-8943-D06C20A2FE73}.Debug|Any CPU.ActiveCfg = Debug|Any CPU
		{A81E1522-43F1-4DC5-8943-D06C20A2FE73}.Debug|Any CPU.Build.0 = Debug|Any CPU
		{A81E1522-43F1-4DC5-8943-D06C20A2FE73}.Release|Any CPU.ActiveCfg = Release|Any CPU
		{A81E1522-43F1-4DC5-8943-D06C20A2FE73}.Release|Any CPU.Build.0 = Release|Any CPU
		{4B6C361D-A97F-4C04-BB5E-1D711D337E85}.Debug|Any CPU.ActiveCfg = Debug|Any CPU
		{4B6C361D-A97F-4C04-BB5E-1D711D337E85}.Debug|Any CPU.Build.0 = Debug|Any CPU
		{4B6C361D-A97F-4C04-BB5E-1D711D337E85}.Release|Any CPU.ActiveCfg = Release|Any CPU
		{4B6C361D-A97F-4C04-BB5E-1D711D337E85}.Release|Any CPU.Build.0 = Release|Any CPU
		{5DBBEA43-07DC-45D2-8CBA-5D2CC7DF35D2}.Debug|Any CPU.ActiveCfg = Debug|Any CPU
		{5DBBEA43-07DC-45D2-8CBA-5D2CC7DF35D2}.Debug|Any CPU.Build.0 = Debug|Any CPU
		{5DBBEA43-07DC-45D2-8CBA-5D2CC7DF35D2}.Release|Any CPU.ActiveCfg = Release|Any CPU
		{5DBBEA43-07DC-45D2-8CBA-5D2CC7DF35D2}.Release|Any CPU.Build.0 = Release|Any CPU
	EndGlobalSection
	GlobalSection(SolutionProperties) = preSolution
		HideSolutionNode = FALSE
	EndGlobalSection
	GlobalSection(NestedProjects) = preSolution
		{4D7D1DB2-565E-415A-B4B6-02AFE19B42B5} = {066469FD-3A78-4EE4-A029-659C00CC013F}
		{22D73A92-E90D-467E-8321-1572C416602B} = {066469FD-3A78-4EE4-A029-659C00CC013F}
		{066469FD-3A78-4EE4-A029-659C00CC013F} = {8737FEF3-CDE6-47FA-A159-1A425B96D6CA}
		{0E15FFE8-5DC8-4034-9477-4DD4B4A4B63D} = {8737FEF3-CDE6-47FA-A159-1A425B96D6CA}
		{806BEB9E-28FF-4519-BA76-6DFAD0066D76} = {0E15FFE8-5DC8-4034-9477-4DD4B4A4B63D}
		{3713268F-CB89-42D7-B987-0BC4E03A7B53} = {0E15FFE8-5DC8-4034-9477-4DD4B4A4B63D}
		{B336CDFD-F32E-4BBD-AA82-699E6199149D} = {0E15FFE8-5DC8-4034-9477-4DD4B4A4B63D}
		{57360110-79C1-4415-B663-698CA103EC4A} = {8737FEF3-CDE6-47FA-A159-1A425B96D6CA}
		{A81E1522-43F1-4DC5-8943-D06C20A2FE73} = {50E1DEE0-A1FD-4859-9419-535D44A14988}
		{4B6C361D-A97F-4C04-BB5E-1D711D337E85} = {04B56269-EA06-4CC8-8A86-E02A5BD14876}
		{04B56269-EA06-4CC8-8A86-E02A5BD14876} = {8737FEF3-CDE6-47FA-A159-1A425B96D6CA}
		{5DBBEA43-07DC-45D2-8CBA-5D2CC7DF35D2} = {7532CE8E-0333-4146-957F-2039673DC17B}
	EndGlobalSection
EndGlobal
